// !$*UTF8*$!
{
	archiveVersion = 1;
	classes = {
	};
	objectVersion = 46;
	objects = {

/* Begin PBXBuildFile section */
		DBF0C867171A51260069F2C3 /* UIKit.framework in Frameworks */ = {isa = PBXBuildFile; fileRef = DBF0C866171A51260069F2C3 /* UIKit.framework */; };
		DBF0C869171A51260069F2C3 /* Foundation.framework in Frameworks */ = {isa = PBXBuildFile; fileRef = DBF0C868171A51260069F2C3 /* Foundation.framework */; };
		DBF0C86B171A51260069F2C3 /* CoreGraphics.framework in Frameworks */ = {isa = PBXBuildFile; fileRef = DBF0C86A171A51260069F2C3 /* CoreGraphics.framework */; };
		DBF0C871171A51260069F2C3 /* InfoPlist.strings in Resources */ = {isa = PBXBuildFile; fileRef = DBF0C86F171A51260069F2C3 /* InfoPlist.strings */; };
		DBF0C873171A51260069F2C3 /* main.m in Sources */ = {isa = PBXBuildFile; fileRef = DBF0C872171A51260069F2C3 /* main.m */; };
		DBF0C877171A51260069F2C3 /* Apr11AppDelegate.m in Sources */ = {isa = PBXBuildFile; fileRef = DBF0C876171A51260069F2C3 /* Apr11AppDelegate.m */; };
		DBF0C879171A51260069F2C3 /* Default.png in Resources */ = {isa = PBXBuildFile; fileRef = DBF0C878171A51260069F2C3 /* Default.png */; };
		DBF0C87B171A51260069F2C3 /* Default@2x.png in Resources */ = {isa = PBXBuildFile; fileRef = DBF0C87A171A51260069F2C3 /* Default@2x.png */; };
		DBF0C87D171A51260069F2C3 /* Default-568h@2x.png in Resources */ = {isa = PBXBuildFile; fileRef = DBF0C87C171A51260069F2C3 /* Default-568h@2x.png */; };
		DBF0C888171A53D50069F2C3 /* TableViewController.m in Sources */ = {isa = PBXBuildFile; fileRef = DBF0C887171A53D50069F2C3 /* TableViewController.m */; };
/* End PBXBuildFile section */

/* Begin PBXFileReference section */
		DBF0C863171A51260069F2C3 /* Apr11.app */ = {isa = PBXFileReference; explicitFileType = wrapper.application; includeInIndex = 0; path = Apr11.app; sourceTree = BUILT_PRODUCTS_DIR; };
		DBF0C866171A51260069F2C3 /* UIKit.framework */ = {isa = PBXFileReference; lastKnownFileType = wrapper.framework; name = UIKit.framework; path = System/Library/Frameworks/UIKit.framework; sourceTree = SDKROOT; };
		DBF0C868171A51260069F2C3 /* Foundation.framework */ = {isa = PBXFileReference; lastKnownFileType = wrapper.framework; name = Foundation.framework; path = System/Library/Frameworks/Foundation.framework; sourceTree = SDKROOT; };
		DBF0C86A171A51260069F2C3 /* CoreGraphics.framework */ = {isa = PBXFileReference; lastKnownFileType = wrapper.framework; name = CoreGraphics.framework; path = System/Library/Frameworks/CoreGraphics.framework; sourceTree = SDKROOT; };
		DBF0C86E171A51260069F2C3 /* Apr11-Info.plist */ = {isa = PBXFileReference; lastKnownFileType = text.plist.xml; path = "Apr11-Info.plist"; sourceTree = "<group>"; };
		DBF0C870171A51260069F2C3 /* en */ = {isa = PBXFileReference; lastKnownFileType = text.plist.strings; name = en; path = en.lproj/InfoPlist.strings; sourceTree = "<group>"; };
		DBF0C872171A51260069F2C3 /* main.m */ = {isa = PBXFileReference; lastKnownFileType = sourcecode.c.objc; path = main.m; sourceTree = "<group>"; };
		DBF0C874171A51260069F2C3 /* Apr11-Prefix.pch */ = {isa = PBXFileReference; lastKnownFileType = sourcecode.c.h; path = "Apr11-Prefix.pch"; sourceTree = "<group>"; };
		DBF0C875171A51260069F2C3 /* Apr11AppDelegate.h */ = {isa = PBXFileReference; lastKnownFileType = sourcecode.c.h; path = Apr11AppDelegate.h; sourceTree = "<group>"; };
		DBF0C876171A51260069F2C3 /* Apr11AppDelegate.m */ = {isa = PBXFileReference; lastKnownFileType = sourcecode.c.objc; path = Apr11AppDelegate.m; sourceTree = "<group>"; };
		DBF0C878171A51260069F2C3 /* Default.png */ = {isa = PBXFileReference; lastKnownFileType = image.png; path = Default.png; sourceTree = "<group>"; };
		DBF0C87A171A51260069F2C3 /* Default@2x.png */ = {isa = PBXFileReference; lastKnownFileType = image.png; path = "Default@2x.png"; sourceTree = "<group>"; };
		DBF0C87C171A51260069F2C3 /* Default-568h@2x.png */ = {isa = PBXFileReference; lastKnownFileType = image.png; path = "Default-568h@2x.png"; sourceTree = "<group>"; };
		DBF0C886171A53D50069F2C3 /* TableViewController.h */ = {isa = PBXFileReference; fileEncoding = 4; lastKnownFileType = sourcecode.c.h; path = TableViewController.h; sourceTree = "<group>"; };
		DBF0C887171A53D50069F2C3 /* TableViewController.m */ = {isa = PBXFileReference; fileEncoding = 4; lastKnownFileType = sourcecode.c.objc; path = TableViewController.m; sourceTree = "<group>"; };
/* End PBXFileReference section */

/* Begin PBXFrameworksBuildPhase section */
		DBF0C860171A51260069F2C3 /* Frameworks */ = {
			isa = PBXFrameworksBuildPhase;
			buildActionMask = 2147483647;
			files = (
				DBF0C867171A51260069F2C3 /* UIKit.framework in Frameworks */,
				DBF0C869171A51260069F2C3 /* Foundation.framework in Frameworks */,
				DBF0C86B171A51260069F2C3 /* CoreGraphics.framework in Frameworks */,
			);
			runOnlyForDeploymentPostprocessing = 0;
		};
/* End PBXFrameworksBuildPhase section */

/* Begin PBXGroup section */
		DBF0C85A171A51260069F2C3 = {
			isa = PBXGroup;
			children = (
				DBF0C86C171A51260069F2C3 /* Apr11 */,
				DBF0C865171A51260069F2C3 /* Frameworks */,
				DBF0C864171A51260069F2C3 /* Products */,
			);
			sourceTree = "<group>";
		};
		DBF0C864171A51260069F2C3 /* Products */ = {
			isa = PBXGroup;
			children = (
				DBF0C863171A51260069F2C3 /* Apr11.app */,
			);
			name = Products;
			sourceTree = "<group>";
		};
		DBF0C865171A51260069F2C3 /* Frameworks */ = {
			isa = PBXGroup;
			children = (
				DBF0C866171A51260069F2C3 /* UIKit.framework */,
				DBF0C868171A51260069F2C3 /* Foundation.framework */,
				DBF0C86A171A51260069F2C3 /* CoreGraphics.framework */,
			);
			name = Frameworks;
			sourceTree = "<group>";
		};
		DBF0C86C171A51260069F2C3 /* Apr11 */ = {
			isa = PBXGroup;
			children = (
				DBF0C875171A51260069F2C3 /* Apr11AppDelegate.h */,
				DBF0C876171A51260069F2C3 /* Apr11AppDelegate.m */,
				DBF0C86D171A51260069F2C3 /* Supporting Files */,
				DBF0C886171A53D50069F2C3 /* TableViewController.h */,
				DBF0C887171A53D50069F2C3 /* TableViewController.m */,
			);
			path = Apr11;
			sourceTree = "<group>";
		};
		DBF0C86D171A51260069F2C3 /* Supporting Files */ = {
			isa = PBXGroup;
			children = (
				DBF0C86E171A51260069F2C3 /* Apr11-Info.plist */,
				DBF0C86F171A51260069F2C3 /* InfoPlist.strings */,
				DBF0C872171A51260069F2C3 /* main.m */,
				DBF0C874171A51260069F2C3 /* Apr11-Prefix.pch */,
				DBF0C878171A51260069F2C3 /* Default.png */,
				DBF0C87A171A51260069F2C3 /* Default@2x.png */,
				DBF0C87C171A51260069F2C3 /* Default-568h@2x.png */,
			);
			name = "Supporting Files";
			sourceTree = "<group>";
		};
/* End PBXGroup section */

/* Begin PBXNativeTarget section */
		DBF0C862171A51260069F2C3 /* Apr11 */ = {
			isa = PBXNativeTarget;
			buildConfigurationList = DBF0C880171A51260069F2C3 /* Build configuration list for PBXNativeTarget "Apr11" */;
			buildPhases = (
				DBF0C85F171A51260069F2C3 /* Sources */,
				DBF0C860171A51260069F2C3 /* Frameworks */,
				DBF0C861171A51260069F2C3 /* Resources */,
			);
			buildRules = (
			);
			dependencies = (
			);
			name = Apr11;
			productName = Apr11;
			productReference = DBF0C863171A51260069F2C3 /* Apr11.app */;
			productType = "com.apple.product-type.application";
		};
/* End PBXNativeTarget section */

/* Begin PBXProject section */
		DBF0C85B171A51260069F2C3 /* Project object */ = {
			isa = PBXProject;
			attributes = {
				CLASSPREFIX = Apr11;
				LastUpgradeCheck = 0460;
				ORGANIZATIONNAME = "Joe Gabela";
			};
			buildConfigurationList = DBF0C85E171A51260069F2C3 /* Build configuration list for PBXProject "Apr11" */;
			compatibilityVersion = "Xcode 3.2";
			developmentRegion = English;
			hasScannedForEncodings = 0;
			knownRegions = (
				en,
			);
			mainGroup = DBF0C85A171A51260069F2C3;
			productRefGroup = DBF0C864171A51260069F2C3 /* Products */;
			projectDirPath = "";
			projectRoot = "";
			targets = (
				DBF0C862171A51260069F2C3 /* Apr11 */,
			);
		};
/* End PBXProject section */

/* Begin PBXResourcesBuildPhase section */
		DBF0C861171A51260069F2C3 /* Resources */ = {
			isa = PBXResourcesBuildPhase;
			buildActionMask = 2147483647;
			files = (
				DBF0C871171A51260069F2C3 /* InfoPlist.strings in Resources */,
				DBF0C879171A51260069F2C3 /* Default.png in Resources */,
				DBF0C87B171A51260069F2C3 /* Default@2x.png in Resources */,
				DBF0C87D171A51260069F2C3 /* Default-568h@2x.png in Resources */,
			);
			runOnlyForDeploymentPostprocessing = 0;
		};
/* End PBXResourcesBuildPhase section */

/* Begin PBXSourcesBuildPhase section */
		DBF0C85F171A51260069F2C3 /* Sources */ = {
			isa = PBXSourcesBuildPhase;
			buildActionMask = 2147483647;
			files = (
				DBF0C873171A51260069F2C3 /* main.m in Sources */,
				DBF0C877171A51260069F2C3 /* Apr11AppDelegate.m in Sources */,
				DBF0C888171A53D50069F2C3 /* TableViewController.m in Sources */,
			);
			runOnlyForDeploymentPostprocessing = 0;
		};
/* End PBXSourcesBuildPhase section */

/* Begin PBXVariantGroup section */
		DBF0C86F171A51260069F2C3 /* InfoPlist.strings */ = {
			isa = PBXVariantGroup;
			children = (
				DBF0C870171A51260069F2C3 /* en */,
			);
			name = InfoPlist.strings;
			sourceTree = "<group>";
		};
/* End PBXVariantGroup section */

/* Begin XCBuildConfiguration section */
		DBF0C87E171A51260069F2C3 /* Debug */ = {
			isa = XCBuildConfiguration;
			buildSettings = {
				ALWAYS_SEARCH_USER_PATHS = NO;
				CLANG_CXX_LANGUAGE_STANDARD = "gnu++0x";
				CLANG_CXX_LIBRARY = "libc++";
				CLANG_ENABLE_OBJC_ARC = YES;
				CLANG_WARN_CONSTANT_CONVERSION = YES;
				CLANG_WARN_EMPTY_BODY = YES;
				CLANG_WARN_ENUM_CONVERSION = YES;
				CLANG_WARN_INT_CONVERSION = YES;
				CLANG_WARN__DUPLICATE_METHOD_MATCH = YES;
				"CODE_SIGN_IDENTITY[sdk=iphoneos*]" = "iPhone Developer";
				COPY_PHASE_STRIP = NO;
				GCC_C_LANGUAGE_STANDARD = gnu99;
				GCC_DYNAMIC_NO_PIC = NO;
				GCC_OPTIMIZATION_LEVEL = 0;
				GCC_PREPROCESSOR_DEFINITIONS = (
					"DEBUG=1",
					"$(inherited)",
				);
				GCC_SYMBOLS_PRIVATE_EXTERN = NO;
				GCC_WARN_ABOUT_RETURN_TYPE = YES;
				GCC_WARN_UNINITIALIZED_AUTOS = YES;
				GCC_WARN_UNUSED_VARIABLE = YES;
				IPHONEOS_DEPLOYMENT_TARGET = 6.1;
				ONLY_ACTIVE_ARCH = YES;
				SDKROOT = iphoneos;
			};
			name = Debug;
		};
		DBF0C87F171A51260069F2C3 /* Release */ = {
			isa = XCBuildConfiguration;
			buildSettings = {
				ALWAYS_SEARCH_USER_PATHS = NO;
				CLANG_CXX_LANGUAGE_STANDARD = "gnu++0x";
				CLANG_CXX_LIBRARY = "libc++";
				CLANG_ENABLE_OBJC_ARC = YES;
				CLANG_WARN_CONSTANT_CONVERSION = YES;
				CLANG_WARN_EMPTY_BODY = YES;
				CLANG_WARN_ENUM_CONVERSION = YES;
				CLANG_WARN_INT_CONVERSION = YES;
				CLANG_WARN__DUPLICATE_METHOD_MATCH = YES;
				"CODE_SIGN_IDENTITY[sdk=iphoneos*]" = "iPhone Developer";
				COPY_PHASE_STRIP = YES;
				GCC_C_LANGUAGE_STANDARD = gnu99;
				GCC_WARN_ABOUT_RETURN_TYPE = YES;
				GCC_WARN_UNINITIALIZED_AUTOS = YES;
				GCC_WARN_UNUSED_VARIABLE = YES;
				IPHONEOS_DEPLOYMENT_TARGET = 6.1;
				OTHER_CFLAGS = "-DNS_BLOCK_ASSERTIONS=1";
				SDKROOT = iphoneos;
				VALIDATE_PRODUCT = YES;
			};
			name = Release;
		};
		DBF0C881171A51260069F2C3 /* Debug */ = {
			isa = XCBuildConfiguration;
			buildSettings = {
				GCC_PRECOMPILE_PREFIX_HEADER = YES;
				GCC_PREFIX_HEADER = "Apr11/Apr11-Prefix.pch";
				INFOPLIST_FILE = "Apr11/Apr11-Info.plist";
				PRODUCT_NAME = "$(TARGET_NAME)";
				WRAPPER_EXTENSION = app;
			};
			name = Debug;
		};
		DBF0C882171A51260069F2C3 /* Release */ = {
			isa = XCBuildConfiguration;
			buildSettings = {
				GCC_PRECOMPILE_PREFIX_HEADER = YES;
				GCC_PREFIX_HEADER = "Apr11/Apr11-Prefix.pch";
				INFOPLIST_FILE = "Apr11/Apr11-Info.plist";
				PRODUCT_NAME = "$(TARGET_NAME)";
				WRAPPER_EXTENSION = app;
			};
			name = Release;
		};
/* End XCBuildConfiguration section */

/* Begin XCConfigurationList section */
		DBF0C85E171A51260069F2C3 /* Build configuration list for PBXProject "Apr11" */ = {
			isa = XCConfigurationList;
			buildConfigurations = (
				DBF0C87E171A51260069F2C3 /* Debug */,
				DBF0C87F171A51260069F2C3 /* Release */,
			);
			defaultConfigurationIsVisible = 0;
			defaultConfigurationName = Release;
		};
		DBF0C880171A51260069F2C3 /* Build configuration list for PBXNativeTarget "Apr11" */ = {
			isa = XCConfigurationList;
			buildConfigurations = (
				DBF0C881171A51260069F2C3 /* Debug */,
				DBF0C882171A51260069F2C3 /* Release */,
			);
			defaultConfigurationIsVisible = 0;
		};
/* End XCConfigurationList section */
	};
	rootObject = DBF0C85B171A51260069F2C3 /* Project object */;
}
